version = 1
revision = 3
requires-python = ">=3.12"

[[package]]
name = "click"
version = "8.4.2"
source = { registry = "https://pypi.org/simple" }
dependencies = [
    { name = "colorama", marker = "sys_platform == 'win32'" },
]
sdist = { url = "https://files.pythonhosted.org/packages/76/d4/81420972a676e8ffea40450d8c8c92943e7218a78fe9b64359836cc9876b/click-8.4.2.tar.gz", hash = "sha256:9a6cea6e60b17ebe0a44c5cc636d94f09bd66142c1cd7d8b4cd731c4917a15f6", size = 338000, upload-time = "2026-06-24T17:45:15.148Z" }
wheels = [
    { url = "https://files.pythonhosted.org/packages/fb/e2/79c688af8b210d232694e31e59da9f6ec747bae31c3f5946e4e9b98860d5/click-8.4.2-py3-none-any.whl", hash = "sha256:e6f9f66136c816745b9d65817da91d61d957fb16e02e4dcd0552553c5a197b76", size = 119243, upload-time = "2026-06-24T17:45:13.73Z" },
]

[[package]]
name = "colorama"
version = "0.4.6"
source = { registry = "https://pypi.org/simple" }
sdist = { url = "https://files.pythonhosted.org/packages/d8/53/6f443c9a4a8358a93a6792e2acffb9d9d5cb0a5cfd8802644b7b1c9a02e4/colorama-0.4.6.tar.gz", hash = "sha256:08695f5cb7ed6e0531a20572697297273c47b8cae5a63ffc6d6ed5c201be6e44", size = 27697, upload-time = "2022-10-25T02:36:22.414Z" }
wheels = [
    { url = "https://files.pythonhosted.org/packages/d1/d6/3965ed04c63042e047cb6a3e6ed1a63a35087b6a609aa3a15ed8ac56c221/colorama-0.4.6-py2.py3-none-any.whl", hash = "sha256:4f1d9991f5acc0ca119f9d443620b77f9d6b33703e51011c16baf57afb285fc6", size = 25335, upload-time = "2022-10-25T02:36:20.889Z" },
]

[[package]]
name = "duckduckgo-search"
version = "8.1.1"
source = { registry = "https://pypi.org/simple" }
dependencies = [
    { name = "click" },
    { name = "lxml" },
    { name = "primp" },
]
sdist = { url = "https://files.pythonhosted.org/packages/10/ef/07791a05751e6cc9de1dd49fb12730259ee109b18e6d097e25e6c32d5617/duckduckgo_search-8.1.1.tar.gz", hash = "sha256:9da91c9eb26a17e016ea1da26235d40404b46b0565ea86d75a9f78cc9441f935", size = 22868, upload-time = "2025-07-06T15:30:59.73Z" }
wheels = [
    { url = "https://files.pythonhosted.org/packages/db/72/c027b3b488b1010cf71670032fcf7e681d44b81829d484bb04e31a949a8d/duckduckgo_search-8.1.1-py3-none-any.whl", hash = "sha256:f48adbb06626ee05918f7e0cef3a45639e9939805c4fc179e68c48a12f1b5062", size = 18932, upload-time = "2025-07-06T15:30:58.339Z" },
]

[[package]]
name = "jobhunt-pro"
version = "3.0.0"
source = { virtual = "." }
dependencies = [
    { name = "duckduckgo-search" },
    { name = "psutil" },
]

[package.metadata]
requires-dist = [
    { name = "duckduckgo-search", specifier = ">=6.0.0" },
    { name = "psutil", specifier = ">=5.9.0" },
]

[[package]]
name = "lxml"
version = "6.1.1"
source = { registry = "https://pypi.org/simple" }
sdist = { url = "https://files.pythonhosted.org/packages/05/3b/aab6728cae887456f409b4d75e8a01856e4f04bd510de38052a47768b680/lxml-6.1.1.tar.gz", hash = "sha256:ba96ae44888e0185281e937633a743ea90d5a196c6000f82565ebb0580012d40", size = 4197430, upload-time = "2026-05-18T19:19:06.424Z" }
wheels = [
    { url = "https://files.pythonhosted.org/packages/6a/6e/c4add832b6fc1e887125b96f880d7b9b70aae5248718e046b1704bcac4b9/lxml-6.1.1-cp312-cp312-macosx_10_13_universal2.whl", hash = "sha256:104c09bda8d2a562824c0e319d0768ce26a779b7601e0931d33b09b53c392ef7", size = 8570821, upload-time = "2026-05-18T19:17:42.068Z" },
    { url = "https://files.pythonhosted.org/packages/22/00/ff3009c88e65de8011630acf8ab5a09cb2becd2aaf47fba2f3449f6224e9/lxml-6.1.1-cp312-cp312-macosx_10_13_x86_64.whl", hash = "sha256:25c6997a9a534e016695a0ba06b2f07945de682731ff01065b6d5a4474179da1", size = 4624252, upload-time = "2026-05-18T19:17:47.897Z" },
    { url = "https://files.pythonhosted.org/packages/42/95/bb63f0fd62e554fe078e1fb3c8fe9083c14ddc7ad7fa178d10e57e071ac7/lxml-6.1.1-cp312-cp312-manylinux2014_aarch64.manylinux_2_17_aarch64.whl", hash = "sha256:c921ba5c51e4e9f63b8b00267d06566e1f63407408a0496da2d1d0bfc819c7fc", size = 4930746, upload-time = "2026-05-18T19:18:29.637Z" },
    { url = "https://files.pythonhosted.org/packages/eb/99/0013e8d9b5960f4f041cf0b73e2f80c23eb5205b1f7bfb20203243651359/lxml-6.1.1-cp312-cp312-manylinux2014_x86_64.manylinux_2_17_x86_64.whl", hash = "sha256:54a7f95e4de5fb94e2f9f4b9055c6ba33bf3d628fd77a1d647c5923caa2cdcdc", size = 5093723, upload-time = "2026-05-18T19:18:34.168Z" },
    { url = "https://files.pythonhosted.org/packages/29/91/317b332636bfc7bddcff828d41b3307f50043f4b237e40849c333d80fa1a/lxml-6.1.1-cp312-cp312-manylinux_2_26_aarch64.manylinux_2_28_aarch64.whl", hash = "sha256:96f2ec43df44b1f76249ee0a615334f9b5b060e1c8bd90e706dad2d14d02f383", size = 5005557, upload-time = "2026-05-18T19:18:39.798Z" },
    { url = "https://files.pythonhosted.org/packages/42/2f/cc9bf06afe70f9c9093ae60855d9759da9db601ec4080f7473319666ffd7/lxml-6.1.1-cp312-cp312-manylinux_2_26_ppc64le.manylinux_2_28_ppc64le.whl", hash = "sha256:70ef8a7e102a1508f8121aae5b0867abd663f72c14f0a9c937e6554cb4587b7b", size = 5631036, upload-time = "2026-05-18T19:18:44.858Z" },
    { url = "https://files.pythonhosted.org/packages/08/f6/af32e23e563971ffb0fb86be52bc5be5c2c118858ffc119bf6a9039b173d/lxml-6.1.1-cp312-cp312-manylinux_2_26_x86_64.manylinux_2_28_x86_64.whl", hash = "sha256:ebe6af670449830d6d9b752c256a983291c766a1365ba5d5460048f9e33a7818", size = 5240367, upload-time = "2026-05-18T19:18:49.217Z" },
    { url = "https://files.pythonhosted.org/packages/78/83/8555d40948b09ce86f1bd0c68a7ac31d07b1929f92cc1b074006c97ef2d2/lxml-6.1.1-cp312-cp312-manylinux_2_28_i686.whl", hash = "sha256:27acc820660aaffa4f7c087f29120e12980f7779d56d8492d263170111284740", size = 5350171, upload-time = "2026-05-18T19:18:52.779Z" },
    { url = "https://files.pythonhosted.org/packages/63/75/5d92da93729b7bad783689e6496049fa40927b45bec7bf183c981de3ca70/lxml-6.1.1-cp312-cp312-manylinux_2_31_armv7l.whl", hash = "sha256:1db753c9115ec7100d073b744d17e25e88a8f90f5c39b2f5dd878149af59671f", size = 4694874, upload-time = "2026-05-18T19:18:55.139Z" },
    { url = "https://files.pythonhosted.org/packages/c5/b5/3aad415a9a25b822e783f15deeb4dffccf5113030f1afa2222dd929313d9/lxml-6.1.1-cp312-cp312-manylinux_2_38_riscv64.manylinux_2_39_riscv64.whl", hash = "sha256:c4f469aebd783bb741c2ecb2a681008fd26bfe5c16a9a72ed5467f834e810df2", size = 5244492, upload-time = "2026-05-18T19:19:01.28Z" },
    { url = "https://files.pythonhosted.org/packages/f1/a1/5fcf7eb9904b80086aa47dcf0027de07b1bb990afad2e6823144c368ae04/lxml-6.1.1-cp312-cp312-musllinux_1_2_aarch64.whl", hash = "sha256:766b010012d59470072c1816b5b6c69f1d243e5db36ea5968e94accf430a4635", size = 5048232, upload-time = "2026-05-18T19:18:12.67Z" },
    { url = "https://files.pythonhosted.org/packages/77/74/1f601b63c7a69fcdf10fa9b148c81da8442204194f6c55509cc485c786b9/lxml-6.1.1-cp312-cp312-musllinux_1_2_armv7l.whl", hash = "sha256:b8d812c6011c08b8111a15e54dd990b8923692d80adf35488bee34026c35accf", size = 4777023, upload-time = "2026-05-18T19:18:15.928Z" },
    { url = "https://files.pythonhosted.org/packages/a2/b9/7a78f51aec95b1bf780d78e12705a9f6533284f8693dc5c0e6724fa53d3f/lxml-6.1.1-cp312-cp312-musllinux_1_2_ppc64le.whl", hash = "sha256:fe0306bd29505a9177aac19f1877174b0e7422c222a59f70b2cd41633448c3dc", size = 5645773, upload-time = "2026-05-18T19:18:23.223Z" },
    { url = "https://files.pythonhosted.org/packages/a5/6e/98a7b7ad54e4e74fa1f20fff776913980619d0ebe5558232d7da6580bdd8/lxml-6.1.1-cp312-cp312-musllinux_1_2_riscv64.whl", hash = "sha256:5ba186ad207446c65d3bb3d3e0412b032b1d9f595e59861e2354798c5703d955", size = 5233088, upload-time = "2026-05-18T19:18:31.433Z" },
    { url = "https://files.pythonhosted.org/packages/65/d1/bc0ed2427bf609f2ee10da303a6a226f9c8bce94f945dc29a32ce55de6e4/lxml-6.1.1-cp312-cp312-musllinux_1_2_x86_64.whl", hash = "sha256:aa366a1e55b8ebfe8ca8ddc3cfe75c8ebade181aeb0f661d0cb05986b647f72a", size = 5260995, upload-time = "2026-05-18T19:18:37.091Z" },
    { url = "https://files.pythonhosted.org/packages/69/8b/6772e1a4b513fc50a8d931f19edde0e13ae6918510a1e13ff67864f3e5ed/lxml-6.1.1-cp312-cp312-win32.whl", hash = "sha256:126c93f7f56f0eda92f6d8c619edc463a4f23d9252f1c9d0405a76f25fa9f11a", size = 3596382, upload-time = "2026-05-18T19:17:18.37Z" },
    { url = "https://files.pythonhosted.org/packages/1b/89/45198e9624762af2dfd2cb8782598477ceb29f6e59caab560388ae1f4ec1/lxml-6.1.1-cp312-cp312-win_amd64.whl", hash = "sha256:26e6eda8d38c1fcab1090dd196ee87cbd13788e531937610e2589085de074e77", size = 3997255, upload-time = "2026-05-18T19:17:56.781Z" },
    { url = "https://files.pythonhosted.org/packages/90/a9/7a54b6834088d9ae528a7b780584ba6a39a9457b0ac330479f20ffbc9449/lxml-6.1.1-cp312-cp312-win_arm64.whl", hash = "sha256:6540377fbd53fe1b629172288c464fb18db11ce1fa7dc15891da10aa9dcc3e7f", size = 3659610, upload-time = "2026-05-19T19:22:50.843Z" },
    { url = "https://files.pythonhosted.org/packages/a5/eb/7e6f37c5584ccbb2ff267f56fd0339016938c1c8684cfefab9b33ffc2f36/lxml-6.1.1-cp313-cp313-macosx_10_13_universal2.whl", hash = "sha256:68a9198d0fc122d14bb76837de9aa80cf84caed990b5b237f532ed87d3706736", size = 8559780, upload-time = "2026-05-18T19:17:57.661Z" },
    { url = "https://files.pythonhosted.org/packages/a1/36/587c2521cf23a2cd6c9c22108aa7528f683a1f195ed7ccd23a4b1786ad36/lxml-6.1.1-cp313-cp313-macosx_10_13_x86_64.whl", hash = "sha256:7d47866cb32fb503450b6edc9df355d10dc49836af2e89901bd6ac6b0896d9d9", size = 4618006, upload-time = "2026-05-18T19:18:04.452Z" },
    { url = "https://files.pythonhosted.org/packages/6e/ca/ab7bfe2bf4c972af5e7878262845ead3a24a929a9b04bc11c7c1ece6c82a/lxml-6.1.1-cp313-cp313-manylinux2014_aarch64.manylinux_2_17_aarch64.whl", hash = "sha256:eb7c9811bfaa8b1ed5ed319f5d370dfbcaa59d52ea64be2a5a85e18195930354", size = 4924139, upload-time = "2026-05-18T19:19:04.873Z" },
    { url = "https://files.pythonhosted.org/packages/6b/55/a0c72851dfee5ecc689f949723a73dea457758912542cb955b108eaf0d8f/lxml-6.1.1-cp313-cp313-manylinux2014_x86_64.manylinux_2_17_x86_64.whl", hash = "sha256:762ff394d5bd56da0cf034a23dcce4e13923f15321a2adfa2ac00201dc6d3fca", size = 5082329, upload-time = "2026-05-18T19:19:09.728Z" },
    { url = "https://files.pythonhosted.org/packages/f0/b6/0608f7d61a3b96cc67e5648a3d906e31a5082093e10e7be65b3886289938/lxml-6.1.1-cp313-cp313-manylinux_2_26_aarch64.manylinux_2_28_aarch64.whl", hash = "sha256:a088f287f7d8275a33c07f2cac6c50b9319309a0200a39e7e75d80c707723099", size = 4993564, upload-time = "2026-05-18T19:19:13.608Z" },
    { url = "https://files.pythonhosted.org/packages/4c/66/ae227524b066d29d55bf0b453d93d2d793c40218657d643dcbbca13b8faf/lxml-6.1.1-cp313-cp313-manylinux_2_26_ppc64le.manylinux_2_28_ppc64le.whl", hash = "sha256:e902da4b04e6b52e5893900d4b8ab46068f75f3561f01bf1080957f9fd932ed6", size = 5613467, upload-time = "2026-05-18T19:19:16.228Z" },
    { url = "https://files.pythonhosted.org/packages/a6/76/dbe4a00b50385e40194231dcfe5a12c059de7cf90e89c83407d2b085b719/lxml-6.1.1-cp313-cp313-manylinux_2_26_x86_64.manylinux_2_28_x86_64.whl", hash = "sha256:1d4962d4c66bf830a7e59ed6cfc17d148149898a3aefa8ec6e59763e6e3ed085", size = 5228304, upload-time = "2026-05-18T19:19:19.354Z" },
    { url = "https://files.pythonhosted.org/packages/1c/01/00b1b8442ed2041793336868ba0b9ea4b13d7da7c085c6404c207a63bf79/lxml-6.1.1-cp313-cp313-manylinux_2_28_i686.whl", hash = "sha256:581d4c8ae690a6609e64862dd6b7c2489635c2d13907fc2b20f2bc200ff1d21e", size = 5341607, upload-time = "2026-05-18T19:19:22.297Z" },
    { url = "https://files.pythonhosted.org/packages/63/36/1ad29931e9a4638bb707869f01d423a6c815f82152138d1a40dfcfde2b95/lxml-6.1.1-cp313-cp313-manylinux_2_31_armv7l.whl", hash = "sha256:876e1ff5930ed8bf295ec5ef9a8155e9b6b1876bbf1deed8b3a8069311875a8f", size = 4700168, upload-time = "2026-05-18T19:19:25.133Z" },
    { url = "https://files.pythonhosted.org/packages/3c/d1/a9536cecf9be18a0dc72d32bead283a2332d1ffebd2dd3ac70ce444686e5/lxml-6.1.1-cp313-cp313-manylinux_2_38_riscv64.manylinux_2_39_riscv64.whl", hash = "sha256:9eb9b5a968f6e0f6d640092a567e14529ff8cea2e29d00da6f78a79fa49f013c", size = 5232487, upload-time = "2026-05-18T19:19:28.603Z" },
    { url = "https://files.pythonhosted.org/packages/0e/77/b4fb1e03bf5d130e879214d3100092e386418807fb74dd0adc4b0a48f351/lxml-6.1.1-cp313-cp313-musllinux_1_2_aarch64.whl", hash = "sha256:aa49e06d94aba782c6a02eecb7e507969e7e7a41b267f1b359bb35585f295d5b", size = 5044231, upload-time = "2026-05-18T19:18:42.246Z" },
    { url = "https://files.pythonhosted.org/packages/26/4c/d00daeeb0a5530c4028a9232aa1b93db3ef4ed2158c116ea73c79a9765b3/lxml-6.1.1-cp313-cp313-musllinux_1_2_armv7l.whl", hash = "sha256:70cdfd80589d59e43e18005dd7244e8895e93db8ab6a620b7e23df5445a4e3d2", size = 4769450, upload-time = "2026-05-18T19:18:48.013Z" },
    { url = "https://files.pythonhosted.org/packages/ed/6a/715a3a8d156ce42f29cf014706f5410c2ff3b02267774110fc23266409fe/lxml-6.1.1-cp313-cp313-musllinux_1_2_ppc64le.whl", hash = "sha256:aad9aa39483ed8ec44d6d2e59e5b98a0d80676ef0d92f44bfc374836111f62f5", size = 5635874, upload-time = "2026-05-18T19:18:51.914Z" },
    { url = "https://files.pythonhosted.org/packages/45/37/0544bc21dde2a88f3a17b504e6fc79c0e01d25a33c2f6079724e9e72b9c7/lxml-6.1.1-cp313-cp313-musllinux_1_2_riscv64.whl", hash = "sha256:d49514be2f28d895c38cf9d2b72d7b9a07d00314519f456c0b50b53cfcf4c785", size = 5223987, upload-time = "2026-05-18T19:18:59.715Z" },
    { url = "https://files.pythonhosted.org/packages/4d/f8/f6a5e8185bcb28c2befae3d31f8e3df3b811cb0f47746517a81279fcafe1/lxml-6.1.1-cp313-cp313-musllinux_1_2_x86_64.whl", hash = "sha256:47402e62c52ff5988c1e8c6c63177f5708bccf48e366dea4e3dcf1e645e04947", size = 5250276, upload-time = "2026-05-18T19:19:03.834Z" },
    { url = "https://files.pythonhosted.org/packages/c7/f2/1a2b9f1b7a49d45495369be7ef9ad05b262930f2eab3e3145706fca8083f/lxml-6.1.1-cp313-cp313-win32.whl", hash = "sha256:3483644525531e1d5762b0c44a8e18b6efba321b6dcf8a8952de10b037618bca", size = 3596903, upload-time = "2026-05-18T19:17:29.863Z" },
    { url = "https://files.pythonhosted.org/packages/e6/99/f4ffb024f238eec2131aaa09f3278fb6129cf892741bf68e1fc1afb8c100/lxml-6.1.1-cp313-cp313-win_amd64.whl", hash = "sha256:a10bd2fd62e8ce916ececb342f348f190724a098c1faa056fdfb2a22ad5e8660", size = 3995869, upload-time = "2026-05-18T19:18:02.596Z" },
    { url = "https://files.pythonhosted.org/packages/d1/53/70eb8c5c6037f27448f1e3c54ebede9545a801ae63f0a7254afca4fe8e45/lxml-6.1.1-cp313-cp313-win_arm64.whl", hash = "sha256:424aa57aca0897eb922aef34395bd1289b3b6f04e6bae20ea123c0c7e333cffc", size = 3658490, upload-time = "2026-05-19T19:22:53.846Z" },
    { url = "https://files.pythonhosted.org/packages/13/e2/2e325795566de01d0d7c3bb57d3c370616b2d07b01214e84eec5d3b10963/lxml-6.1.1-cp314-cp314-macosx_10_15_universal2.whl", hash = "sha256:19b7ab10b210b0b3ad7985d9ac4eb66ab09a90b20fe6e2f7ba55d01a234345d0", size = 8577146, upload-time = "2026-05-18T19:18:17.765Z" },
    { url = "https://files.pythonhosted.org/packages/93/cf/5630b5e4be7d2e6bee8efe83865c925221103cf0221303b104ce134b01e2/lxml-6.1.1-cp314-cp314-macosx_10_15_x86_64.whl", hash = "sha256:c08e5c694306507275f2290073350c4f32e383db15213b2c69e7ff39c1193840", size = 4623866, upload-time = "2026-05-18T19:18:30.669Z" },
    { url = "https://files.pythonhosted.org/packages/d2/51/3904907c063451cf8d4a5c9fe0cad95fa1f4ec57f4e3884fa0731bd7a305/lxml-6.1.1-cp314-cp314-manylinux2014_aarch64.manylinux_2_17_aarch64.whl", hash = "sha256:74a9717fd0d82effef5c2854f0d917231d5324b5a3eb7275c43ac9fa32f97a14", size = 4950022, upload-time = "2026-05-18T19:19:31.958Z" },
    { url = "https://files.pythonhosted.org/packages/94/cd/9c7611a51c37a2830928405817cc5d56a97f64fab83cc3f628748b135749/lxml-6.1.1-cp314-cp314-manylinux2014_x86_64.manylinux_2_17_x86_64.whl", hash = "sha256:efe0374196335f93b53269acd811b944f2e6bdc88e8894f214bd636455484909", size = 5086695, upload-time = "2026-05-18T19:19:34.764Z" },
    { url = "https://files.pythonhosted.org/packages/da/d6/24e3b5906abb0b674ff2ae195bc3ce59708df2bcd17cf17703b2d7dd643a/lxml-6.1.1-cp314-cp314-manylinux_2_26_aarch64.manylinux_2_28_aarch64.whl", hash = "sha256:ac931cdc9442c1763b8a8f6cd62c0c938737eafc5be75eff88df55fc73bc0d00", size = 5031642, upload-time = "2026-05-18T19:19:37.771Z" },
    { url = "https://files.pythonhosted.org/packages/2d/db/6ec54f99019838bff54785c51da07f189eb4676861c5f2730962b0d8d665/lxml-6.1.1-cp314-cp314-manylinux_2_26_ppc64le.manylinux_2_28_ppc64le.whl", hash = "sha256:aee395f5d0927f947758b4ec119fd5fc8ec71f07a1c5c52077b30b04c0fa6955", size = 5647338, upload-time = "2026-05-18T19:19:40.553Z" },
    { url = "https://files.pythonhosted.org/packages/42/3d/ef4dcfffd22d27a61805d8ed9f7fb888495bc6aa88648fa07c1eaa5586b6/lxml-6.1.1-cp314-cp314-manylinux_2_26_x86_64.manylinux_2_28_x86_64.whl", hash = "sha256:9395002973c827b3ed67db77e6ec09f092919a587022174554096a269378fb13", size = 5239528, upload-time = "2026-05-18T19:19:43.657Z" },
    { url = "https://files.pythonhosted.org/packages/62/bb/37fb3f0dff146bdcfa78eec47879273820b2a0bf350ec236ce14bd0b1c26/lxml-6.1.1-cp314-cp314-manylinux_2_28_i686.whl", hash = "sha256:73bc2086f141224ebddb7fc5c6a36ca58b31b94b561e1dfe8e073e3270fad1e7", size = 5350730, upload-time = "2026-05-18T19:19:46.307Z" },
    { url = "https://files.pythonhosted.org/packages/90/42/43253f168388df4fae1f38c01df36ddb9bee39e2048167b54cdcbae85ea3/lxml-6.1.1-cp314-cp314-manylinux_2_31_armv7l.whl", hash = "sha256:3779def59032b81e44a5f70096ef6bf2082f8d901937dca354474ba09782e245", size = 4697530, upload-time = "2026-05-18T19:19:49.889Z" },
    { url = "https://files.pythonhosted.org/packages/eb/a8/c5a8504f81bbdfc8e7094c2c850cdb4ed6777fc4d5ddd9e5ab819f3b0d54/lxml-6.1.1-cp314-cp314-manylinux_2_38_riscv64.manylinux_2_39_riscv64.whl", hash = "sha256:86c89b9d55ebf820ad7c90bc533410f0d098054f293351f10603c0c46ff598f5", size = 5250670, upload-time = "2026-05-18T19:19:53.199Z" },
    { url = "https://files.pythonhosted.org/packages/77/b7/c7e76ab18744d75e21f320ebf9ff9d1ceae2b54dd431ea5a64caf26c9672/lxml-6.1.1-cp314-cp314-musllinux_1_2_aarch64.whl", hash = "sha256:19607c6bbff2a44cf3fe8250abccd20942d3462473e0a721d01d379ed017e462", size = 5084485, upload-time = "2026-05-18T19:19:08.422Z" },
    { url = "https://files.pythonhosted.org/packages/31/31/b35c53f8ef7b7c31cacd23d3638652fff7bcd1deb6eedb709ab43b685908/lxml-6.1.1-cp314-cp314-musllinux_1_2_armv7l.whl", hash = "sha256:c6ed5141a5c7507cf3ee76bd363b0d6f801e3321adc35b5d825a23115faa5465", size = 4737635, upload-time = "2026-05-18T19:19:12.321Z" },
    { url = "https://files.pythonhosted.org/packages/d9/06/31f23c813a7fe8e0cb1b175e915b08c9bf4e86d225b210feadbdbe519667/lxml-6.1.1-cp314-cp314-musllinux_1_2_ppc64le.whl", hash = "sha256:62aeb7e85b5d60320b9d77eef2e773994e2c0ce10121b277e0a19804e1654a5a", size = 5670681, upload-time = "2026-05-18T19:19:15.001Z" },
    { url = "https://files.pythonhosted.org/packages/1a/bc/ce619bccc89b1fd9ad8a8e1330ee3f3beff9f2ff95b712d7bbcdd6e22fc3/lxml-6.1.1-cp314-cp314-musllinux_1_2_riscv64.whl", hash = "sha256:b1b963fd8f5caa68e99dfae060d54de1fe9cba899b8718b44a00cdca53c3e590", size = 5238229, upload-time = "2026-05-18T19:19:18.131Z" },
    { url = "https://files.pythonhosted.org/packages/2f/5d/b329acbbedc0b619ebc2be6cf7ee9ed07e80892c88d4dfd612c33805789a/lxml-6.1.1-cp314-cp314-musllinux_1_2_x86_64.whl", hash = "sha256:63876be28efefa04a1df615b46770e82042cce445cfdce55160522f57b231ccb", size = 5264191, upload-time = "2026-05-18T19:19:21.118Z" },
    { url = "https://files.pythonhosted.org/packages/d6/85/be36fb1425b30db3c3f9df75fe86343ebffb79e6320bd7f588e25bfeac39/lxml-6.1.1-cp314-cp314-win32.whl", hash = "sha256:7f7a92e8583f06b1fd49d01158143b8461cfcd135dcb10ec807270a3051bd603", size = 3657202, upload-time = "2026-05-18T19:17:39.509Z" },
    { url = "https://files.pythonhosted.org/packages/b8/ce/3cf9a827342269f54d405a6202397de63f07c69cbd6ce7d183a3f0cba1e9/lxml-6.1.1-cp314-cp314-win_amd64.whl", hash = "sha256:b2d444f2e66624d68e9c6b211e28a76e22fff5fcabcfff4deac18b529b7d4137", size = 4064497, upload-time = "2026-05-18T19:18:14.662Z" },
    { url = "https://files.pythonhosted.org/packages/d9/3e/1a957bde8f0760039e627f94699f82caa782c9d838d86c3d28245ee67212/lxml-6.1.1-cp314-cp314-win_arm64.whl", hash = "sha256:3fd9728a2735fda14f4e8235830c86b539e9661e849665bf926d3f867943b4bf", size = 3741991, upload-time = "2026-05-19T19:22:59.111Z" },
    { url = "https://files.pythonhosted.org/packages/78/b2/00ed55b3a2efa4658fb795c38d1090ec9b3e8a6c3683d4441fa517f09c3b/lxml-6.1.1-cp314-cp314t-macosx_10_15_universal2.whl", hash = "sha256:787b2496d0dbe8cd180984e8d29e3a6f76e7ea34db781cb3bd55e4ba1ef8b4ee", size = 8827545, upload-time = "2026-05-18T19:18:41.193Z" },
    { url = "https://files.pythonhosted.org/packages/c0/73/74573db19baa618d5f266f2407898b087ff6927115b00b71e5fc1b700847/lxml-6.1.1-cp314-cp314t-macosx_10_15_x86_64.whl", hash = "sha256:2c8daa471358dc2d6fcf02165e80ec68f77871a286df95bc5cc3816153b0fd2c", size = 4735736, upload-time = "2026-05-18T19:18:46.761Z" },
    { url = "https://files.pythonhosted.org/packages/16/02/6f7061f4f95f51e545d48e87647c54791d204a4e881be4156e7a26ba5338/lxml-6.1.1-cp314-cp314t-manylinux2014_aarch64.manylinux_2_17_aarch64.whl", hash = "sha256:acd7d70b64c0aae0c7922cca83d288a16f5f6da523637697872253415269baef", size = 4970291, upload-time = "2026-05-18T19:19:56.215Z" },
    { url = "https://files.pythonhosted.org/packages/b0/02/55fc057d8283427dea7d6edb102e7a840239c77a64a983d92f62a304c0e9/lxml-6.1.1-cp314-cp314t-manylinux2014_x86_64.manylinux_2_17_x86_64.whl", hash = "sha256:4f0dd2f01f9f8a89f565d000e03abcf0a13d692a346c8d22f628d49af098777a", size = 5102822, upload-time = "2026-05-18T19:19:59.223Z" },
    { url = "https://files.pythonhosted.org/packages/e4/48/8e1cf78d89d66850121d9255a2a24414c98f775da93b90cf976956c24b14/lxml-6.1.1-cp314-cp314t-manylinux_2_26_aarch64.manylinux_2_28_aarch64.whl", hash = "sha256:0b7e8a14c8634bf6f7a568634cb395305a6d964aeb5b7ee32248094bed3a7e2c", size = 5027923, upload-time = "2026-05-18T19:20:01.549Z" },
    { url = "https://files.pythonhosted.org/packages/ed/00/0632a0647612c8af24d26997b3b961397daa9d5b2581444805933629a4cb/lxml-6.1.1-cp314-cp314t-manylinux_2_26_ppc64le.manylinux_2_28_ppc64le.whl", hash = "sha256:86281fbdd6a8162756f8d603f37e3435bfa38043adb79c6dc6a2dfee065e7525", size = 5595843, upload-time = "2026-05-18T19:20:03.93Z" },
    { url = "https://files.pythonhosted.org/packages/bc/86/ab008a7dc360711b66858d61c80a5979a70a09f2aa2b05d9698df80b803d/lxml-6.1.1-cp314-cp314t-manylinux_2_26_x86_64.manylinux_2_28_x86_64.whl", hash = "sha256:c5d7152ec39ca7c402d8fb9bad86140a15b9503bd0c54484e3f1bbe3dd37ceca", size = 5224515, upload-time = "2026-05-18T19:20:06.381Z" },
    { url = "https://files.pythonhosted.org/packages/75/c6/2702ff375e728e34f56d9a45339a9cf7e4427e917f542225242d63a05afa/lxml-6.1.1-cp314-cp314t-manylinux_2_28_i686.whl", hash = "sha256:88d8cb75b9d82858497a5393e3c63cfbf03035225e4b35a49ed7ccb151e4dc0e", size = 5312511, upload-time = "2026-05-18T19:20:09.308Z" },
    { url = "https://files.pythonhosted.org/packages/b7/57/a5807c98f87a86f10ef9ffab35516df7c0f0c4b6d5d33e9f608ab9c04a31/lxml-6.1.1-cp314-cp314t-manylinux_2_31_armv7l.whl", hash = "sha256:f64ec5397ea6a41fc1b4af0380d79b44a755b5531dcaccd9940fb260dca93038", size = 4639206, upload-time = "2026-05-18T19:20:11.704Z" },
    { url = "https://files.pythonhosted.org/packages/1f/e1/8a0a2c35734812395f4da4eaf33748a7e5705bfb2a58b128da764339d5ec/lxml-6.1.1-cp314-cp314t-manylinux_2_38_riscv64.manylinux_2_39_riscv64.whl", hash = "sha256:d34bbf07dbc7ca5970671b1512e928991fb5e9d95365636c9b2d8b4f53af405e", size = 5232404, upload-time = "2026-05-18T19:20:14.064Z" },
    { url = "https://files.pythonhosted.org/packages/c2/e2/0e6a4dd5ad84d01d99aa7bae7cfefd4a760a0e0f8176818241de17d9b6c0/lxml-6.1.1-cp314-cp314t-musllinux_1_2_aarch64.whl", hash = "sha256:17e0e18d4ad8adbd0399291bc44845b69d9dd68439a3cdebdf35ff902ec05072", size = 5083769, upload-time = "2026-05-18T19:19:23.758Z" },
    { url = "https://files.pythonhosted.org/packages/a0/7e/161f33d463f6ffc1c7679104b65086dea120080d49dde4d238f015aaee2f/lxml-6.1.1-cp314-cp314t-musllinux_1_2_armv7l.whl", hash = "sha256:3ab541146f1f6968c462d6c2ac495148e8cdba2f8347700b2141b6ec5a75bf52", size = 4758936, upload-time = "2026-05-18T19:19:27.256Z" },
    { url = "https://files.pythonhosted.org/packages/f1/fb/2369825e3f6ca99305bf9f7b7085fda91c8b0922a89e54d900974aa3ef85/lxml-6.1.1-cp314-cp314t-musllinux_1_2_ppc64le.whl", hash = "sha256:2a0217714657e023ef4293500f65aa20fce6164c8fd6b08fa5bd4a859fb14b9b", size = 5620296, upload-time = "2026-05-18T19:19:29.993Z" },
    { url = "https://files.pythonhosted.org/packages/30/90/d61e383146f74c5ab683947ea14dc7b82778838ab9b95ea73a23b60d0191/lxml-6.1.1-cp314-cp314t-musllinux_1_2_riscv64.whl", hash = "sha256:05a82eb6e1530a64f26225b55cbd178113bd0b5af1c2b625f25e5296742c26d2", size = 5228598, upload-time = "2026-05-18T19:19:33.523Z" },
    { url = "https://files.pythonhosted.org/packages/76/2d/2dafd8149e94b05bb070690efd5bb2680720681e03ff03fc57d2b70a1105/lxml-6.1.1-cp314-cp314t-musllinux_1_2_x86_64.whl", hash = "sha256:9e36f163528fc50cbef305f02a5fd66d404edf7049cdaff211dbc2cba5a7013e", size = 5247845, upload-time = "2026-05-18T19:19:36.649Z" },
    { url = "https://files.pythonhosted.org/packages/ce/68/b30e913340c380ddac9580c6e6230991fc37240ec4f64704833e4f3e2769/lxml-6.1.1-cp314-cp314t-win32.whl", hash = "sha256:649dda677cf3bd6ac9ae14007ba0c824ded8ce5808b53fc7431d9140399118c1", size = 3897345, upload-time = "2026-05-18T19:17:33.562Z" },
    { url = "https://files.pythonhosted.org/packages/3c/4e/9eb2af5335545f9fbcd7af57bcf87c6025d31eaa31b14ec184a6c8675328/lxml-6.1.1-cp314-cp314t-win_amd64.whl", hash = "sha256:793033d6c5cdf33a573f910d9bea14ef8f5771820411d118da8e1182edb53d5e", size = 4393350, upload-time = "2026-05-18T19:18:10.076Z" },
    { url = "https://files.pythonhosted.org/packages/7f/2c/0f1e93c636720e8a3eb59af2bfda99d98b55891e1c53bc30c2e0e865f01b/lxml-6.1.1-cp314-cp314t-win_arm64.whl", hash = "sha256:58bb955caba94e467d2a96da17660d2d704e0675894cba21ab8a775b8621fd1c", size = 3817223, upload-time = "2026-05-19T19:22:56.823Z" },
]

[[package]]
name = "primp"
version = "1.3.1"
source = { registry = "https://pypi.org/simple" }
sdist = { url = "https://files.pythonhosted.org/packages/cc/4b/7efa54f38da7de8df6b70dfed173bb41a52b740b144e4be24c1172db4209/primp-1.3.1.tar.gz", hash = "sha256:b04a5941bf9c876d011c5defaf5a25be093d56e7270b8da52c9788b9df2a829a", size = 1360029, upload-time = "2026-05-23T17:39:25.568Z" }
wheels = [
    { url = "https://files.pythonhosted.org/packages/7f/80/c4885a783a7493e396d89a592ba19fce63ef6bd6ad47230924a884a30ec0/primp-1.3.1-cp310-abi3-macosx_10_12_x86_64.whl", hash = "sha256:27b87e6370045a0c65c0e4dfdfacbfe637387d05673ce8ddcce400263f7c27f0", size = 5123967, upload-time = "2026-05-23T17:39:08.586Z" },
    { url = "https://files.pythonhosted.org/packages/58/c1/c965cc23f96a364803d44b4331f33e4465bb6f269add37e39d0ad77ffe33/primp-1.3.1-cp310-abi3-macosx_11_0_arm64.whl", hash = "sha256:27a8804eb9a3f641f379ee2b443591428cf85c898816e93d04d3e7b6f229ebcb", size = 4743059, upload-time = "2026-05-23T17:39:15.536Z" },
    { url = "https://files.pythonhosted.org/packages/9c/99/f4248d8d833d43fd8ba78208f2f4bf7fba7d3aec8c516090a95d18d6f550/primp-1.3.1-cp310-abi3-manylinux_2_17_aarch64.manylinux2014_aarch64.whl", hash = "sha256:862974796552a51af8e276bb19c5d5e189168ab8bad216aef7ce3726a8d3b1dd", size = 5100121, upload-time = "2026-05-23T17:39:04.64Z" },
    { url = "https://files.pythonhosted.org/packages/9b/ad/519e32e0184763e1a76c9321fdeac0bb9b30bf85746f12058feec0cc4a27/primp-1.3.1-cp310-abi3-manylinux_2_17_armv7l.manylinux2014_armv7l.whl", hash = "sha256:ceb24198994799706f4020a00173ba9c1b491aa9805b1e014d87946677bc3c5d", size = 4738042, upload-time = "2026-05-23T17:39:35.967Z" },
    { url = "https://files.pythonhosted.org/packages/dc/7b/723cb40694b47ec79a142ed8492835c0ecae9fef7acbed014f04b018d1de/primp-1.3.1-cp310-abi3-manylinux_2_17_i686.manylinux2014_i686.whl", hash = "sha256:b3298b8afcf0a88ba6622bfc18e78aeb11afbb7d5afa4774f24acf7491f54a2d", size = 5001773, upload-time = "2026-05-23T17:39:03.01Z" },
    { url = "https://files.pythonhosted.org/packages/52/b8/80a2e3bdab1c51d738b82ea210a5ab93986b443c561e792e42cae296ec10/primp-1.3.1-cp310-abi3-manylinux_2_17_ppc64le.manylinux2014_ppc64le.whl", hash = "sha256:6b8d38c5a6d0a863274cbcae9678f265fcdcead3c20d12d152244e88f5f2186b", size = 5334228, upload-time = "2026-05-23T17:39:24.214Z" },
    { url = "https://files.pythonhosted.org/packages/19/70/c95b8054c7d1fe2d84226ec60a5f48ce6c95a08b7c8b1702d7742082f444/primp-1.3.1-cp310-abi3-manylinux_2_17_s390x.manylinux2014_s390x.whl", hash = "sha256:96f831c78ddb5900873f51e294bf9bbb4bbfdac3a2f39ce4023f8c558d299332", size = 5157269, upload-time = "2026-05-23T17:38:48.142Z" },
    { url = "https://files.pythonhosted.org/packages/34/bb/9b66986b7ecf2eff987134cd94bde533142e3085d6f67531f1a369ceaaae/primp-1.3.1-cp310-abi3-manylinux_2_17_x86_64.manylinux2014_x86_64.whl", hash = "sha256:329d0c320841f65b39d80801d8bae126732b84ec1094ca17b14fda0bda1b20ff", size = 5347438, upload-time = "2026-05-23T17:39:17.405Z" },
    { url = "https://files.pythonhosted.org/packages/aa/29/5d127748d06f3c6a3367f3c4974e45b98cda61cd28ea79ef91ad3fe9e093/primp-1.3.1-cp310-abi3-musllinux_1_2_aarch64.whl", hash = "sha256:6c3c67670c38a03e9e8da45b212243d35afc8efa018317c46ecdce47f05329d1", size = 5264862, upload-time = "2026-05-23T17:39:20.625Z" },
    { url = "https://files.pythonhosted.org/packages/16/f3/1aac229425cac142c48418e2de9f70597161ea936543b5e3c9e7476e1921/primp-1.3.1-cp310-abi3-musllinux_1_2_armv7l.whl", hash = "sha256:9409a31028a8c62a609d389554ad4f5339aad075130300cd443beef0336d7179", size = 4969889, upload-time = "2026-05-23T17:39:22.412Z" },
    { url = "https://files.pythonhosted.org/packages/38/86/a94d6e6166139c76ae42eb941328679309ca85139e8753d639657a24474c/primp-1.3.1-cp310-abi3-musllinux_1_2_i686.whl", hash = "sha256:88ca36c2bd1b7c64b96ad07ca367d2d111ac8e9670549be5f232da8bf795d21e", size = 5082679, upload-time = "2026-05-23T17:39:28.411Z" },
    { url = "https://files.pythonhosted.org/packages/cf/61/21d297db575ed660c6aaf35c9014c1874ace45d6dcb79d1a4d3d2608bffb/primp-1.3.1-cp310-abi3-musllinux_1_2_x86_64.whl", hash = "sha256:74d13800b501aa003fb05c263d38f8d61656c83a60b2951046c0fc412bc73976", size = 5605392, upload-time = "2026-05-23T17:39:38.007Z" },
    { url = "https://files.pythonhosted.org/packages/36/d6/9262a7ebb1d980a2db0cd505bb902bb3e66acd8a1cb763a4c2921f2f6a5b/primp-1.3.1-cp310-abi3-win32.whl", hash = "sha256:09ada1752629fe89d7b128beeb59cb641f404af462e24177ba36aed1cf322299", size = 4270373, upload-time = "2026-05-23T17:38:44.98Z" },
    { url = "https://files.pythonhosted.org/packages/8f/68/f0c6a60fadff0c185aef232b951a6fa4bbb64511facc48d34734db14f16f/primp-1.3.1-cp310-abi3-win_amd64.whl", hash = "sha256:c0d1e294466cd5ec7ef173eedf8df25cbdc050138d40447a906e92b8553e7765", size = 4661498, upload-time = "2026-05-23T17:39:32.213Z" },
    { url = "https://files.pythonhosted.org/packages/7f/1d/232a52abc77384ac66b9c1741691dec3659b1207bb6c5e55c1e9b59d22f1/primp-1.3.1-cp310-abi3-win_arm64.whl", hash = "sha256:43304cb41cbb46f361de49faf1cbdba57f969f628c9297239c7ed8ef0cac420f", size = 4624481, upload-time = "2026-05-23T17:38:42.724Z" },
    { url = "https://files.pythonhosted.org/packages/e5/0b/34333b26c533c3122b936dad829f0a6e04f32065d39673c92b157d97aa16/primp-1.3.1-cp314-cp314t-macosx_10_12_x86_64.whl", hash = "sha256:72249a4540d0a8965f36eb9a86cd16801d1c7e8dac2f0b0fa23a0a5a03402d36", size = 5116098, upload-time = "2026-05-23T17:38:55.219Z" },
    { url = "https://files.pythonhosted.org/packages/7a/56/7fe14708adf9a5cb5d6a15ad840a3de036cebfaf20692a5bc3b72e188a73/primp-1.3.1-cp314-cp314t-macosx_11_0_arm64.whl", hash = "sha256:db4e2eaa5707e47899eeba6026f420f9b0108a28c08d63f1826d0cab8d50f06f", size = 4736300, upload-time = "2026-05-23T17:38:51.792Z" },
    { url = "https://files.pythonhosted.org/packages/31/cb/521a8c18e8808a75450b6e91dc62cc1149c0178b7d4a8697d3f9b73fa385/primp-1.3.1-cp314-cp314t-manylinux_2_17_aarch64.manylinux2014_aarch64.whl", hash = "sha256:d62e7609c98b4bc99c9cecc47f16f332fb8fe1a023002176267b0043dedad0c7", size = 5093823, upload-time = "2026-05-23T17:38:50.059Z" },
    { url = "https://files.pythonhosted.org/packages/57/84/90f776fe46aeb0e3b86df72c674c0651326dd6a61846dd86bddbabe903ac/primp-1.3.1-cp314-cp314t-manylinux_2_17_armv7l.manylinux2014_armv7l.whl", hash = "sha256:3d692e912c2b25271163ba7719df0afdb733a7e7c3073c9094e9001882463543", size = 4734511, upload-time = "2026-05-23T17:39:34.166Z" },
    { url = "https://files.pythonhosted.org/packages/19/79/d9bfbc0df0394f18a98b512a65f4bcf3dd7d17bd871937127e1ce4549172/primp-1.3.1-cp314-cp314t-manylinux_2_17_i686.manylinux2014_i686.whl", hash = "sha256:0c08693517dc160a12c0f9e2565c5319173cef738893a303ff2fb28ecccbd84d", size = 4999315, upload-time = "2026-05-23T17:39:12.061Z" },
    { url = "https://files.pythonhosted.org/packages/bb/d8/5a986957ee1874d08567d7749668cd78a063048d47d6e46a874742b7fed1/primp-1.3.1-cp314-cp314t-manylinux_2_17_ppc64le.manylinux2014_ppc64le.whl", hash = "sha256:d134ebfa31adc619e4e48289fe3e7eebc8310141560e6a6a04269cc94893d9ab", size = 5329375, upload-time = "2026-05-23T17:39:30.307Z" },
    { url = "https://files.pythonhosted.org/packages/5c/1d/321cac9902cc3992174ed530719141a0da2e426f54f8a90b7b971571d104/primp-1.3.1-cp314-cp314t-manylinux_2_17_s390x.manylinux2014_s390x.whl", hash = "sha256:48e27e7c0e015a6de495cf79c0c8d599ba5f69d091af31572bec2de020522d9c", size = 5140921, upload-time = "2026-05-23T17:38:53.528Z" },
    { url = "https://files.pythonhosted.org/packages/a6/19/ccbe6b67e0e91beb5c9d5cf804354225d5a3a7a9adf84fee3d6acc53febd/primp-1.3.1-cp314-cp314t-manylinux_2_17_x86_64.manylinux2014_x86_64.whl", hash = "sha256:5c3d682df08c1b1f37b1f66b21fd173baebcfcb52490830b12292d8fe89b2147", size = 5344288, upload-time = "2026-05-23T17:39:18.965Z" },
    { url = "https://files.pythonhosted.org/packages/ff/e5/a735751bd11558163e83e0961fc866e4f94634df9eb24937c5f59624e393/primp-1.3.1-cp314-cp314t-musllinux_1_2_aarch64.whl", hash = "sha256:fabaac4280df0802377d34b869949d617a0ecf22ca7fd5f9bded3f5c981031f1", size = 5262909, upload-time = "2026-05-23T17:39:00.789Z" },
    { url = "https://files.pythonhosted.org/packages/09/8e/4e3d4520e2e751f2de825dbe2cb43f837d33a5528adc44255f9770ea125a/primp-1.3.1-cp314-cp314t-musllinux_1_2_armv7l.whl", hash = "sha256:f510e5881e0a4c4b9e7dbc03722c316d58454388b88000a0e7bf18a4b36d601e", size = 4964809, upload-time = "2026-05-23T17:38:59.023Z" },
    { url = "https://files.pythonhosted.org/packages/8f/b5/e7b7495687d07df693325a12c497a9e5185d5001b7b216f32019fa7437a0/primp-1.3.1-cp314-cp314t-musllinux_1_2_i686.whl", hash = "sha256:0504de2901c97903a9c369856a4b186dc90a782d8320652c142b066e697d5a1a", size = 5083654, upload-time = "2026-05-23T17:39:06.598Z" },
    { url = "https://files.pythonhosted.org/packages/f2/f9/e4652e93beb14a16cc4218cfb1ccc18eaca8ee7d93b517d614a135928ec9/primp-1.3.1-cp314-cp314t-musllinux_1_2_x86_64.whl", hash = "sha256:6c3b24e302d95d327e873834b9423823b9c8af2abf5e0bbf57a03f3354cfe528", size = 5594738, upload-time = "2026-05-23T17:39:27.001Z" },
    { url = "https://files.pythonhosted.org/packages/e2/49/e8c8a7bc6b741ab6f15896022eee4f906d04d7ccd15aeeb515dd04bbeb6d/primp-1.3.1-cp314-cp314t-win32.whl", hash = "sha256:4346dcef805279028bf4a54bb87dd43d0920130e25b5790689f5c96c9ba0d9e5", size = 4262615, upload-time = "2026-05-23T17:39:13.88Z" },
    { url = "https://files.pythonhosted.org/packages/a9/84/7ae4a257dec6dff329d4a8d9051d907316095c27ffc8d1ea15c359e6eeb5/primp-1.3.1-cp314-cp314t-win_amd64.whl", hash = "sha256:6c55f152a73b6d6af8ac37bdb648d8bbfd7e656f9ef40d87feb3c0d81cee930a", size = 4660584, upload-time = "2026-05-23T17:39:10.081Z" },
    { url = "https://files.pythonhosted.org/packages/99/20/10e0d96bfaeef1f0cd339ccf9bb8feb4bf798fde93198f7a96c73441080a/primp-1.3.1-cp314-cp314t-win_arm64.whl", hash = "sha256:46a529d74583d6ceba52e15bf4c678fcf24e6d669c1ce935262d5490d1b25801", size = 4623226, upload-time = "2026-05-23T17:38:57.256Z" },
]

[[package]]
name = "psutil"
version = "7.2.2"
source = { registry = "https://pypi.org/simple" }
sdist = { url = "https://files.pythonhosted.org/packages/aa/c6/d1ddf4abb55e93cebc4f2ed8b5d6dbad109ecb8d63748dd2b20ab5e57ebe/psutil-7.2.2.tar.gz", hash = "sha256:0746f5f8d406af344fd547f1c8daa5f5c33dbc293bb8d6a16d80b4bb88f59372", size = 493740, upload-time = "2026-01-28T18:14:54.428Z" }
wheels = [
    { url = "https://files.pythonhosted.org/packages/51/08/510cbdb69c25a96f4ae523f733cdc963ae654904e8db864c07585ef99875/psutil-7.2.2-cp313-cp313t-macosx_10_13_x86_64.whl", hash = "sha256:2edccc433cbfa046b980b0df0171cd25bcaeb3a68fe9022db0979e7aa74a826b", size = 130595, upload-time = "2026-01-28T18:14:57.293Z" },
    { url = "https://files.pythonhosted.org/packages/d6/f5/97baea3fe7a5a9af7436301f85490905379b1c6f2dd51fe3ecf24b4c5fbf/psutil-7.2.2-cp313-cp313t-macosx_11_0_arm64.whl", hash = "sha256:e78c8603dcd9a04c7364f1a3e670cea95d51ee865e4efb3556a3a63adef958ea", size = 131082, upload-time = "2026-01-28T18:14:59.732Z" },
    { url = "https://files.pythonhosted.org/packages/37/d6/246513fbf9fa174af531f28412297dd05241d97a75911ac8febefa1a53c6/psutil-7.2.2-cp313-cp313t-manylinux2010_x86_64.manylinux_2_12_x86_64.manylinux_2_28_x86_64.whl", hash = "sha256:1a571f2330c966c62aeda00dd24620425d4b0cc86881c89861fbc04549e5dc63", size = 181476, upload-time = "2026-01-28T18:15:01.884Z" },
    { url = "https://files.pythonhosted.org/packages/b8/b5/9182c9af3836cca61696dabe4fd1304e17bc56cb62f17439e1154f225dd3/psutil-7.2.2-cp313-cp313t-manylinux2014_aarch64.manylinux_2_17_aarch64.manylinux_2_28_aarch64.whl", hash = "sha256:917e891983ca3c1887b4ef36447b1e0873e70c933afc831c6b6da078ba474312", size = 184062, upload-time = "2026-01-28T18:15:04.436Z" },
    { url = "https://files.pythonhosted.org/packages/16/ba/0756dca669f5a9300d0cbcbfae9a4c30e446dfc7440ffe43ded5724bfd93/psutil-7.2.2-cp313-cp313t-win_amd64.whl", hash = "sha256:ab486563df44c17f5173621c7b198955bd6b613fb87c71c161f827d3fb149a9b", size = 139893, upload-time = "2026-01-28T18:15:06.378Z" },
    { url = "https://files.pythonhosted.org/packages/1c/61/8fa0e26f33623b49949346de05ec1ddaad02ed8ba64af45f40a147dbfa97/psutil-7.2.2-cp313-cp313t-win_arm64.whl", hash = "sha256:ae0aefdd8796a7737eccea863f80f81e468a1e4cf14d926bd9b6f5f2d5f90ca9", size = 135589, upload-time = "2026-01-28T18:15:08.03Z" },
    { url = "https://files.pythonhosted.org/packages/81/69/ef179ab5ca24f32acc1dac0c247fd6a13b501fd5534dbae0e05a1c48b66d/psutil-7.2.2-cp314-cp314t-macosx_10_15_x86_64.whl", hash = "sha256:eed63d3b4d62449571547b60578c5b2c4bcccc5387148db46e0c2313dad0ee00", size = 130664, upload-time = "2026-01-28T18:15:09.469Z" },
    { url = "https://files.pythonhosted.org/packages/7b/64/665248b557a236d3fa9efc378d60d95ef56dd0a490c2cd37dafc7660d4a9/psutil-7.2.2-cp314-cp314t-macosx_11_0_arm64.whl", hash = "sha256:7b6d09433a10592ce39b13d7be5a54fbac1d1228ed29abc880fb23df7cb694c9", size = 131087, upload-time = "2026-01-28T18:15:11.724Z" },
    { url = "https://files.pythonhosted.org/packages/d5/2e/e6782744700d6759ebce3043dcfa661fb61e2fb752b91cdeae9af12c2178/psutil-7.2.2-cp314-cp314t-manylinux2010_x86_64.manylinux_2_12_x86_64.manylinux_2_28_x86_64.whl", hash = "sha256:1fa4ecf83bcdf6e6c8f4449aff98eefb5d0604bf88cb883d7da3d8d2d909546a", size = 182383, upload-time = "2026-01-28T18:15:13.445Z" },
    { url = "https://files.pythonhosted.org/packages/57/49/0a41cefd10cb7505cdc04dab3eacf24c0c2cb158a998b8c7b1d27ee2c1f5/psutil-7.2.2-cp314-cp314t-manylinux2014_aarch64.manylinux_2_17_aarch64.manylinux_2_28_aarch64.whl", hash = "sha256:e452c464a02e7dc7822a05d25db4cde564444a67e58539a00f929c51eddda0cf", size = 185210, upload-time = "2026-01-28T18:15:16.002Z" },
    { url = "https://files.pythonhosted.org/packages/dd/2c/ff9bfb544f283ba5f83ba725a3c5fec6d6b10b8f27ac1dc641c473dc390d/psutil-7.2.2-cp314-cp314t-win_amd64.whl", hash = "sha256:c7663d4e37f13e884d13994247449e9f8f574bc4655d509c3b95e9ec9e2b9dc1", size = 141228, upload-time = "2026-01-28T18:15:18.385Z" },
    { url = "https://files.pythonhosted.org/packages/f2/fc/f8d9c31db14fcec13748d373e668bc3bed94d9077dbc17fb0eebc073233c/psutil-7.2.2-cp314-cp314t-win_arm64.whl", hash = "sha256:11fe5a4f613759764e79c65cf11ebdf26e33d6dd34336f8a337aa2996d71c841", size = 136284, upload-time = "2026-01-28T18:15:19.912Z" },
    { url = "https://files.pythonhosted.org/packages/e7/36/5ee6e05c9bd427237b11b3937ad82bb8ad2752d72c6969314590dd0c2f6e/psutil-7.2.2-cp36-abi3-macosx_10_9_x86_64.whl", hash = "sha256:ed0cace939114f62738d808fdcecd4c869222507e266e574799e9c0faa17d486", size = 129090, upload-time = "2026-01-28T18:15:22.168Z" },
    { url = "https://files.pythonhosted.org/packages/80/c4/f5af4c1ca8c1eeb2e92ccca14ce8effdeec651d5ab6053c589b074eda6e1/psutil-7.2.2-cp36-abi3-macosx_11_0_arm64.whl", hash = "sha256:1a7b04c10f32cc88ab39cbf606e117fd74721c831c98a27dc04578deb0c16979", size = 129859, upload-time = "2026-01-28T18:15:23.795Z" },
    { url = "https://files.pythonhosted.org/packages/b5/70/5d8df3b09e25bce090399cf48e452d25c935ab72dad19406c77f4e828045/psutil-7.2.2-cp36-abi3-manylinux2010_x86_64.manylinux_2_12_x86_64.manylinux_2_28_x86_64.whl", hash = "sha256:076a2d2f923fd4821644f5ba89f059523da90dc9014e85f8e45a5774ca5bc6f9", size = 155560, upload-time = "2026-01-28T18:15:25.976Z" },
    { url = "https://files.pythonhosted.org/packages/63/65/37648c0c158dc222aba51c089eb3bdfa238e621674dc42d48706e639204f/psutil-7.2.2-cp36-abi3-manylinux2014_aarch64.manylinux_2_17_aarch64.manylinux_2_28_aarch64.whl", hash = "sha256:b0726cecd84f9474419d67252add4ac0cd9811b04d61123054b9fb6f57df6e9e", size = 156997, upload-time = "2026-01-28T18:15:27.794Z" },
    { url = "https://files.pythonhosted.org/packages/8e/13/125093eadae863ce03c6ffdbae9929430d116a246ef69866dad94da3bfbc/psutil-7.2.2-cp36-abi3-musllinux_1_2_aarch64.whl", hash = "sha256:fd04ef36b4a6d599bbdb225dd1d3f51e00105f6d48a28f006da7f9822f2606d8", size = 148972, upload-time = "2026-01-28T18:15:29.342Z" },
    { url = "https://files.pythonhosted.org/packages/04/78/0acd37ca84ce3ddffaa92ef0f571e073faa6d8ff1f0559ab1272188ea2be/psutil-7.2.2-cp36-abi3-musllinux_1_2_x86_64.whl", hash = "sha256:b58fabe35e80b264a4e3bb23e6b96f9e45a3df7fb7eed419ac0e5947c61e47cc", size = 148266, upload-time = "2026-01-28T18:15:31.597Z" },
    { url = "https://files.pythonhosted.org/packages/b4/90/e2159492b5426be0c1fef7acba807a03511f97c5f86b3caeda6ad92351a7/psutil-7.2.2-cp37-abi3-win_amd64.whl", hash = "sha256:eb7e81434c8d223ec4a219b5fc1c47d0417b12be7ea866e24fb5ad6e84b3d988", size = 137737, upload-time = "2026-01-28T18:15:33.849Z" },
    { url = "https://files.pythonhosted.org/packages/8c/c7/7bb2e321574b10df20cbde462a94e2b71d05f9bbda251ef27d104668306a/psutil-7.2.2-cp37-abi3-win_arm64.whl", hash = "sha256:8c233660f575a5a89e6d4cb65d9f938126312bca76d8fe087b947b3a1aaac9ee", size = 134617, upload-time = "2026-01-28T18:15:36.514Z" },
]
